
Microsoft Visual Studio Solution File, Format Version 12.00
# Visual Studio Version 17
VisualStudioVersion = 17.5.33627.172
MinimumVisualStudioVersion = 10.0.40219.1
Project("{FAE04EC0-301F-11D3-BF4B-00C04F79EFBC}") = "FormulaAirline.API", "FormulaAirline.API\FormulaAirline.API.csproj", "{31B9F86C-6B15-4B4C-93B1-AADDC11C2F19}"
EndProject
Project("{FAE04EC0-301F-11D3-BF4B-00C04F79EFBC}") = "FormulaAirline.TickedProcessing", "FormulaAirline.BookingProcessing\FormulaAirline.TickedProcessing.csproj", "{674CE9F4-A6BB-4D21-B341-94B550BC024A}"
EndProject
Global
	GlobalSection(SolutionConfigurationPlatforms) = preSolution
		Debug|Any CPU = Debug|Any CPU
		Release|Any CPU = Release|Any CPU
	EndGlobalSection
	GlobalSection(ProjectConfigurationPlatforms) = postSolution
		{31B9F86C-6B15-4B4C-93B1-AADDC11C2F19}.Debug|Any CPU.ActiveCfg = Debug|Any CPU
		{31B9F86C-6B15-4B4C-93B1-AADDC11C2F19}.Debug|Any CPU.Build.0 = Debug|Any CPU
		{31B9F86C-6B15-4B4C-93B1-AADDC11C2F19}.Release|Any CPU.ActiveCfg = Release|Any CPU
		{31B9F86C-6B15-4B4C-93B1-AADDC11C2F19}.Release|Any CPU.Build.0 = Release|Any CPU
		{674CE9F4-A6BB-4D21-B341-94B550BC024A}.Debug|Any CPU.ActiveCfg = Debug|Any CPU
		{674CE9F4-A6BB-4D21-B341-94B550BC024A}.Debug|Any CPU.Build.0 = Debug|Any CPU
		{674CE9F4-A6BB-4D21-B341-94B550BC024A}.Release|Any CPU.ActiveCfg = Release|Any CPU
		{674CE9F4-A6BB-4D21-B341-94B550BC024A}.Release|Any CPU.Build.0 = Release|Any CPU
	EndGlobalSection
	GlobalSection(SolutionProperties) = preSolution
		HideSolutionNode = FALSE
	EndGlobalSection
	GlobalSection(ExtensibilityGlobals) = postSolution
		SolutionGuid = {5E762F16-6F9B-4B18-AA9A-683847F26790}
	EndGlobalSection
EndGlobal
